// !$*UTF8*$!
{
	archiveVersion = 1;
	classes = {
	};
	objectVersion = 56;
	objects = {

/* Begin PBXBuildFile section */
		A0283D92299D162D00976E5A /* authors.json in Resources */ = {isa = PBXBuildFile; fileRef = A0283D91299D162C00976E5A /* authors.json */; };
		A0283D94299D31EC00976E5A /* RowVM.swift in Sources */ = {isa = PBXBuildFile; fileRef = A0283D93299D31EC00976E5A /* RowVM.swift */; };
		A03EEED1299AB84100EF9759 /* BookstoreListView.swift in Sources */ = {isa = PBXBuildFile; fileRef = A03EEED0299AB84100EF9759 /* BookstoreListView.swift */; };
		A046DE8029A78D13008DA1C5 /* ContentAdminView.swift in Sources */ = {isa = PBXBuildFile; fileRef = A046DE7F29A78D13008DA1C5 /* ContentAdminView.swift */; };
		A046DE8229A78E82008DA1C5 /* CustomerListView.swift in Sources */ = {isa = PBXBuildFile; fileRef = A046DE8129A78E82008DA1C5 /* CustomerListView.swift */; };
		A046DE8429A78EBB008DA1C5 /* BookstoreCustomerListView.swift in Sources */ = {isa = PBXBuildFile; fileRef = A046DE8329A78EBB008DA1C5 /* BookstoreCustomerListView.swift */; };
		A046DE8629A78EE4008DA1C5 /* CustomerRowView.swift in Sources */ = {isa = PBXBuildFile; fileRef = A046DE8529A78EE4008DA1C5 /* CustomerRowView.swift */; };
		A046DE8829A78EF6008DA1C5 /* CustomerDetailView.swift in Sources */ = {isa = PBXBuildFile; fileRef = A046DE8729A78EF6008DA1C5 /* CustomerDetailView.swift */; };
		A046DE8B29A7912B008DA1C5 /* CRowVM.swift in Sources */ = {isa = PBXBuildFile; fileRef = A046DE8A29A7912B008DA1C5 /* CRowVM.swift */; };
		A046DE8D29A7B889008DA1C5 /* OrderDetailVM.swift in Sources */ = {isa = PBXBuildFile; fileRef = A046DE8C29A7B889008DA1C5 /* OrderDetailVM.swift */; };
		A046DE8F29A7C449008DA1C5 /* POrderListView.swift in Sources */ = {isa = PBXBuildFile; fileRef = A046DE8E29A7C449008DA1C5 /* POrderListView.swift */; };
		A046DE9229A7C484008DA1C5 /* OrderRowView.swift in Sources */ = {isa = PBXBuildFile; fileRef = A046DE9129A7C484008DA1C5 /* OrderRowView.swift */; };
		A046DE9429A7D0A1008DA1C5 /* ORowVM.swift in Sources */ = {isa = PBXBuildFile; fileRef = A046DE9329A7D0A1008DA1C5 /* ORowVM.swift */; };
		A046DE9629A7D6B4008DA1C5 /* BookstoreOrderListView.swift in Sources */ = {isa = PBXBuildFile; fileRef = A046DE9529A7D6B4008DA1C5 /* BookstoreOrderListView.swift */; };
		A046DE9829A7D75E008DA1C5 /* OrderDetailView.swift in Sources */ = {isa = PBXBuildFile; fileRef = A046DE9729A7D75E008DA1C5 /* OrderDetailView.swift */; };
		A04A62EF29926BF1005E8931 /* ModelDefinition.swift in Sources */ = {isa = PBXBuildFile; fileRef = A04A62EE29926BF1005E8931 /* ModelDefinition.swift */; };
		A04A62F62992989C005E8931 /* BookListView.swift in Sources */ = {isa = PBXBuildFile; fileRef = A04A62F52992989C005E8931 /* BookListView.swift */; };
		A04A62F929929925005E8931 /* SettingsView.swift in Sources */ = {isa = PBXBuildFile; fileRef = A04A62F829929925005E8931 /* SettingsView.swift */; };
		A04A62FB29929D4D005E8931 /* AccountDetailView.swift in Sources */ = {isa = PBXBuildFile; fileRef = A04A62FA29929D4D005E8931 /* AccountDetailView.swift */; };
		A04A62FD2992A077005E8931 /* UserViewModel.swift in Sources */ = {isa = PBXBuildFile; fileRef = A04A62FC2992A077005E8931 /* UserViewModel.swift */; };
		A04A62FF2992A0DF005E8931 /* ModelPersistence.swift in Sources */ = {isa = PBXBuildFile; fileRef = A04A62FE2992A0DF005E8931 /* ModelPersistence.swift */; };
		A04A63022992C1BA005E8931 /* BooksViewModel.swift in Sources */ = {isa = PBXBuildFile; fileRef = A04A63012992C1BA005E8931 /* BooksViewModel.swift */; };
		A04A63042992C53C005E8931 /* BookDetailView.swift in Sources */ = {isa = PBXBuildFile; fileRef = A04A63032992C53C005E8931 /* BookDetailView.swift */; };
		A04A63062992C607005E8931 /* BookDetailViewModel.swift in Sources */ = {isa = PBXBuildFile; fileRef = A04A63052992C607005E8931 /* BookDetailViewModel.swift */; };
		A061FB3129964543008E3255 /* LHGridView.swift in Sources */ = {isa = PBXBuildFile; fileRef = A061FB3029964543008E3255 /* LHGridView.swift */; };
		A061FB33299645B7008E3255 /* DiscoverView.swift in Sources */ = {isa = PBXBuildFile; fileRef = A061FB32299645B7008E3255 /* DiscoverView.swift */; };
		A09C7B5E298C0619005EA4D2 /* ManolitosBookstoreApp.swift in Sources */ = {isa = PBXBuildFile; fileRef = A09C7B5D298C0619005EA4D2 /* ManolitosBookstoreApp.swift */; };
		A09C7B60298C0619005EA4D2 /* ContentView.swift in Sources */ = {isa = PBXBuildFile; fileRef = A09C7B5F298C0619005EA4D2 /* ContentView.swift */; };
		A09C7B62298C061A005EA4D2 /* Assets.xcassets in Resources */ = {isa = PBXBuildFile; fileRef = A09C7B61298C061A005EA4D2 /* Assets.xcassets */; };
		A09C7B66298C061A005EA4D2 /* Preview Assets.xcassets in Resources */ = {isa = PBXBuildFile; fileRef = A09C7B65298C061A005EA4D2 /* Preview Assets.xcassets */; };
		A09C7B70298C061A005EA4D2 /* ManolitosBookstoreTests.swift in Sources */ = {isa = PBXBuildFile; fileRef = A09C7B6F298C061A005EA4D2 /* ManolitosBookstoreTests.swift */; };
		A09C7B7A298C061A005EA4D2 /* ManolitosBookstoreUITests.swift in Sources */ = {isa = PBXBuildFile; fileRef = A09C7B79298C061A005EA4D2 /* ManolitosBookstoreUITests.swift */; };
		A09C7B7C298C061A005EA4D2 /* ManolitosBookstoreUITestsLaunchTests.swift in Sources */ = {isa = PBXBuildFile; fileRef = A09C7B7B298C061A005EA4D2 /* ManolitosBookstoreUITestsLaunchTests.swift */; };
		A0D64DC5299414FE009ECE11 /* ModelsAPI.swift in Sources */ = {isa = PBXBuildFile; fileRef = A0D64DC4299414FE009ECE11 /* ModelsAPI.swift */; };
		A0D64DC829941F68009ECE11 /* Network.swift in Sources */ = {isa = PBXBuildFile; fileRef = A0D64DC729941F68009ECE11 /* Network.swift */; };
		A0D8A3A929952CFB00B2B995 /* AsyncPersistence.swift in Sources */ = {isa = PBXBuildFile; fileRef = A0D8A3A829952CFB00B2B995 /* AsyncPersistence.swift */; };
		A0DB755629953CC40093887C /* latestBooks.json in Resources */ = {isa = PBXBuildFile; fileRef = A0DB755529953CC40093887C /* latestBooks.json */; };
		A0DB755829955C190093887C /* BookRowView.swift in Sources */ = {isa = PBXBuildFile; fileRef = A0DB755729955C190093887C /* BookRowView.swift */; };
		B683A85429A7639B002E3A03 /* BookGridView.swift in Sources */ = {isa = PBXBuildFile; fileRef = B683A85329A7639B002E3A03 /* BookGridView.swift */; };
/* End PBXBuildFile section */

/* Begin PBXContainerItemProxy section */
		A09C7B6C298C061A005EA4D2 /* PBXContainerItemProxy */ = {
			isa = PBXContainerItemProxy;
			containerPortal = A09C7B52298C0619005EA4D2 /* Project object */;
			proxyType = 1;
			remoteGlobalIDString = A09C7B59298C0619005EA4D2;
			remoteInfo = ManolitosBookstore;
		};
		A09C7B76298C061A005EA4D2 /* PBXContainerItemProxy */ = {
			isa = PBXContainerItemProxy;
			containerPortal = A09C7B52298C0619005EA4D2 /* Project object */;
			proxyType = 1;
			remoteGlobalIDString = A09C7B59298C0619005EA4D2;
			remoteInfo = ManolitosBookstore;
		};
/* End PBXContainerItemProxy section */

/* Begin PBXFileReference section */
		A0283D91299D162C00976E5A /* authors.json */ = {isa = PBXFileReference; fileEncoding = 4; lastKnownFileType = text.json; path = authors.json; sourceTree = "<group>"; };
		A0283D93299D31EC00976E5A /* RowVM.swift */ = {isa = PBXFileReference; lastKnownFileType = sourcecode.swift; path = RowVM.swift; sourceTree = "<group>"; };
		A03EEED0299AB84100EF9759 /* BookstoreListView.swift */ = {isa = PBXFileReference; lastKnownFileType = sourcecode.swift; path = BookstoreListView.swift; sourceTree = "<group>"; };
		A046DE7F29A78D13008DA1C5 /* ContentAdminView.swift */ = {isa = PBXFileReference; lastKnownFileType = sourcecode.swift; path = ContentAdminView.swift; sourceTree = "<group>"; };
		A046DE8129A78E82008DA1C5 /* CustomerListView.swift */ = {isa = PBXFileReference; lastKnownFileType = sourcecode.swift; path = CustomerListView.swift; sourceTree = "<group>"; };
		A046DE8329A78EBB008DA1C5 /* BookstoreCustomerListView.swift */ = {isa = PBXFileReference; lastKnownFileType = sourcecode.swift; path = BookstoreCustomerListView.swift; sourceTree = "<group>"; };
		A046DE8529A78EE4008DA1C5 /* CustomerRowView.swift */ = {isa = PBXFileReference; lastKnownFileType = sourcecode.swift; path = CustomerRowView.swift; sourceTree = "<group>"; };
		A046DE8729A78EF6008DA1C5 /* CustomerDetailView.swift */ = {isa = PBXFileReference; lastKnownFileType = sourcecode.swift; path = CustomerDetailView.swift; sourceTree = "<group>"; };
		A046DE8A29A7912B008DA1C5 /* CRowVM.swift */ = {isa = PBXFileReference; lastKnownFileType = sourcecode.swift; path = CRowVM.swift; sourceTree = "<group>"; };
		A046DE8C29A7B889008DA1C5 /* OrderDetailVM.swift */ = {isa = PBXFileReference; lastKnownFileType = sourcecode.swift; path = OrderDetailVM.swift; sourceTree = "<group>"; };
		A046DE8E29A7C449008DA1C5 /* POrderListView.swift */ = {isa = PBXFileReference; lastKnownFileType = sourcecode.swift; path = POrderListView.swift; sourceTree = "<group>"; };
		A046DE9129A7C484008DA1C5 /* OrderRowView.swift */ = {isa = PBXFileReference; lastKnownFileType = sourcecode.swift; path = OrderRowView.swift; sourceTree = "<group>"; };
		A046DE9329A7D0A1008DA1C5 /* ORowVM.swift */ = {isa = PBXFileReference; lastKnownFileType = sourcecode.swift; path = ORowVM.swift; sourceTree = "<group>"; };
		A046DE9529A7D6B4008DA1C5 /* BookstoreOrderListView.swift */ = {isa = PBXFileReference; lastKnownFileType = sourcecode.swift; path = BookstoreOrderListView.swift; sourceTree = "<group>"; };
		A046DE9729A7D75E008DA1C5 /* OrderDetailView.swift */ = {isa = PBXFileReference; lastKnownFileType = sourcecode.swift; path = OrderDetailView.swift; sourceTree = "<group>"; };
		A04A62EE29926BF1005E8931 /* ModelDefinition.swift */ = {isa = PBXFileReference; lastKnownFileType = sourcecode.swift; path = ModelDefinition.swift; sourceTree = "<group>"; };
		A04A62F52992989C005E8931 /* BookListView.swift */ = {isa = PBXFileReference; lastKnownFileType = sourcecode.swift; path = BookListView.swift; sourceTree = "<group>"; };
		A04A62F829929925005E8931 /* SettingsView.swift */ = {isa = PBXFileReference; lastKnownFileType = sourcecode.swift; path = SettingsView.swift; sourceTree = "<group>"; };
		A04A62FA29929D4D005E8931 /* AccountDetailView.swift */ = {isa = PBXFileReference; lastKnownFileType = sourcecode.swift; path = AccountDetailView.swift; sourceTree = "<group>"; };
		A04A62FC2992A077005E8931 /* UserViewModel.swift */ = {isa = PBXFileReference; lastKnownFileType = sourcecode.swift; path = UserViewModel.swift; sourceTree = "<group>"; };
		A04A62FE2992A0DF005E8931 /* ModelPersistence.swift */ = {isa = PBXFileReference; lastKnownFileType = sourcecode.swift; path = ModelPersistence.swift; sourceTree = "<group>"; };
		A04A63012992C1BA005E8931 /* BooksViewModel.swift */ = {isa = PBXFileReference; lastKnownFileType = sourcecode.swift; path = BooksViewModel.swift; sourceTree = "<group>"; };
		A04A63032992C53C005E8931 /* BookDetailView.swift */ = {isa = PBXFileReference; lastKnownFileType = sourcecode.swift; path = BookDetailView.swift; sourceTree = "<group>"; };
		A04A63052992C607005E8931 /* BookDetailViewModel.swift */ = {isa = PBXFileReference; lastKnownFileType = sourcecode.swift; path = BookDetailViewModel.swift; sourceTree = "<group>"; };
		A061FB3029964543008E3255 /* LHGridView.swift */ = {isa = PBXFileReference; lastKnownFileType = sourcecode.swift; path = LHGridView.swift; sourceTree = "<group>"; };
		A061FB32299645B7008E3255 /* DiscoverView.swift */ = {isa = PBXFileReference; lastKnownFileType = sourcecode.swift; path = DiscoverView.swift; sourceTree = "<group>"; };
		A0999F7D299E7B690094E5F8 /* Info.plist */ = {isa = PBXFileReference; lastKnownFileType = text.plist; path = Info.plist; sourceTree = "<group>"; };
		A09C7B5A298C0619005EA4D2 /* ManolitosBookstore.app */ = {isa = PBXFileReference; explicitFileType = wrapper.application; includeInIndex = 0; path = ManolitosBookstore.app; sourceTree = BUILT_PRODUCTS_DIR; };
		A09C7B5D298C0619005EA4D2 /* ManolitosBookstoreApp.swift */ = {isa = PBXFileReference; lastKnownFileType = sourcecode.swift; path = ManolitosBookstoreApp.swift; sourceTree = "<group>"; };
		A09C7B5F298C0619005EA4D2 /* ContentView.swift */ = {isa = PBXFileReference; lastKnownFileType = sourcecode.swift; path = ContentView.swift; sourceTree = "<group>"; };
		A09C7B61298C061A005EA4D2 /* Assets.xcassets */ = {isa = PBXFileReference; lastKnownFileType = folder.assetcatalog; path = Assets.xcassets; sourceTree = "<group>"; };
		A09C7B63298C061A005EA4D2 /* ManolitosBookstore.entitlements */ = {isa = PBXFileReference; lastKnownFileType = text.plist.entitlements; path = ManolitosBookstore.entitlements; sourceTree = "<group>"; };
		A09C7B65298C061A005EA4D2 /* Preview Assets.xcassets */ = {isa = PBXFileReference; lastKnownFileType = folder.assetcatalog; path = "Preview Assets.xcassets"; sourceTree = "<group>"; };
		A09C7B6B298C061A005EA4D2 /* ManolitosBookstoreTests.xctest */ = {isa = PBXFileReference; explicitFileType = wrapper.cfbundle; includeInIndex = 0; path = ManolitosBookstoreTests.xctest; sourceTree = BUILT_PRODUCTS_DIR; };
		A09C7B6F298C061A005EA4D2 /* ManolitosBookstoreTests.swift */ = {isa = PBXFileReference; lastKnownFileType = sourcecode.swift; path = ManolitosBookstoreTests.swift; sourceTree = "<group>"; };
		A09C7B75298C061A005EA4D2 /* ManolitosBookstoreUITests.xctest */ = {isa = PBXFileReference; explicitFileType = wrapper.cfbundle; includeInIndex = 0; path = ManolitosBookstoreUITests.xctest; sourceTree = BUILT_PRODUCTS_DIR; };
		A09C7B79298C061A005EA4D2 /* ManolitosBookstoreUITests.swift */ = {isa = PBXFileReference; lastKnownFileType = sourcecode.swift; path = ManolitosBookstoreUITests.swift; sourceTree = "<group>"; };
		A09C7B7B298C061A005EA4D2 /* ManolitosBookstoreUITestsLaunchTests.swift */ = {isa = PBXFileReference; lastKnownFileType = sourcecode.swift; path = ManolitosBookstoreUITestsLaunchTests.swift; sourceTree = "<group>"; };
		A0D64DC4299414FE009ECE11 /* ModelsAPI.swift */ = {isa = PBXFileReference; lastKnownFileType = sourcecode.swift; path = ModelsAPI.swift; sourceTree = "<group>"; };
		A0D64DC729941F68009ECE11 /* Network.swift */ = {isa = PBXFileReference; lastKnownFileType = sourcecode.swift; path = Network.swift; sourceTree = "<group>"; };
		A0D8A3A829952CFB00B2B995 /* AsyncPersistence.swift */ = {isa = PBXFileReference; lastKnownFileType = sourcecode.swift; path = AsyncPersistence.swift; sourceTree = "<group>"; };
		A0DB755529953CC40093887C /* latestBooks.json */ = {isa = PBXFileReference; fileEncoding = 4; lastKnownFileType = text.json; path = latestBooks.json; sourceTree = "<group>"; };
		A0DB755729955C190093887C /* BookRowView.swift */ = {isa = PBXFileReference; lastKnownFileType = sourcecode.swift; path = BookRowView.swift; sourceTree = "<group>"; };
		B683A85329A7639B002E3A03 /* BookGridView.swift */ = {isa = PBXFileReference; lastKnownFileType = sourcecode.swift; path = BookGridView.swift; sourceTree = "<group>"; };
/* End PBXFileReference section */

/* Begin PBXFrameworksBuildPhase section */
		A09C7B57298C0619005EA4D2 /* Frameworks */ = {
			isa = PBXFrameworksBuildPhase;
			buildActionMask = 2147483647;
			files = (
			);
			runOnlyForDeploymentPostprocessing = 0;
		};
		A09C7B68298C061A005EA4D2 /* Frameworks */ = {
			isa = PBXFrameworksBuildPhase;
			buildActionMask = 2147483647;
			files = (
			);
			runOnlyForDeploymentPostprocessing = 0;
		};
		A09C7B72298C061A005EA4D2 /* Frameworks */ = {
			isa = PBXFrameworksBuildPhase;
			buildActionMask = 2147483647;
			files = (
			);
			runOnlyForDeploymentPostprocessing = 0;
		};
/* End PBXFrameworksBuildPhase section */

/* Begin PBXGroup section */
		A046DE8929A78EFF008DA1C5 /* Customer */ = {
			isa = PBXGroup;
			children = (
				A046DE8329A78EBB008DA1C5 /* BookstoreCustomerListView.swift */,
				A046DE8129A78E82008DA1C5 /* CustomerListView.swift */,
				A046DE8529A78EE4008DA1C5 /* CustomerRowView.swift */,
				A046DE8729A78EF6008DA1C5 /* CustomerDetailView.swift */,
			);
			name = Customer;
			sourceTree = "<group>";
		};
		A046DE9029A7C457008DA1C5 /* Orders */ = {
			isa = PBXGroup;
			children = (
				A046DE9529A7D6B4008DA1C5 /* BookstoreOrderListView.swift */,
				A046DE8E29A7C449008DA1C5 /* POrderListView.swift */,
				A046DE9129A7C484008DA1C5 /* OrderRowView.swift */,
				A046DE9729A7D75E008DA1C5 /* OrderDetailView.swift */,
			);
			name = Orders;
			sourceTree = "<group>";
		};
		A04A62F0299295F9005E8931 /* Models */ = {
			isa = PBXGroup;
			children = (
				A04A62FE2992A0DF005E8931 /* ModelPersistence.swift */,
				A04A62EE29926BF1005E8931 /* ModelDefinition.swift */,
				A0D64DC4299414FE009ECE11 /* ModelsAPI.swift */,
			);
			name = Models;
			sourceTree = "<group>";
		};
		A04A62F7299298A6005E8931 /* IOSViews */ = {
			isa = PBXGroup;
			children = (
				B683A85529A76C19002E3A03 /* Discover */,
				B683A85629A76C42002E3A03 /* MyBooks */,
				B683A85729A76C73002E3A03 /* Settings */,
				A046DE8929A78EFF008DA1C5 /* Customer */,
				A046DE9029A7C457008DA1C5 /* Orders */,
			);
			name = IOSViews;
			sourceTree = "<group>";
		};
		A04A63002992A6BE005E8931 /* ViewModels */ = {
			isa = PBXGroup;
			children = (
				A04A63012992C1BA005E8931 /* BooksViewModel.swift */,
				A0283D93299D31EC00976E5A /* RowVM.swift */,
				A046DE8A29A7912B008DA1C5 /* CRowVM.swift */,
				A046DE9329A7D0A1008DA1C5 /* ORowVM.swift */,
				A046DE8C29A7B889008DA1C5 /* OrderDetailVM.swift */,
				A04A62FC2992A077005E8931 /* UserViewModel.swift */,
				A04A63052992C607005E8931 /* BookDetailViewModel.swift */,
			);
			name = ViewModels;
			sourceTree = "<group>";
		};
		A09C7B51298C0619005EA4D2 = {
			isa = PBXGroup;
			children = (
				A09C7B5C298C0619005EA4D2 /* ManolitosBookstore */,
				A09C7B6E298C061A005EA4D2 /* ManolitosBookstoreTests */,
				A09C7B78298C061A005EA4D2 /* ManolitosBookstoreUITests */,
				A09C7B5B298C0619005EA4D2 /* Products */,
			);
			sourceTree = "<group>";
		};
		A09C7B5B298C0619005EA4D2 /* Products */ = {
			isa = PBXGroup;
			children = (
				A09C7B5A298C0619005EA4D2 /* ManolitosBookstore.app */,
				A09C7B6B298C061A005EA4D2 /* ManolitosBookstoreTests.xctest */,
				A09C7B75298C061A005EA4D2 /* ManolitosBookstoreUITests.xctest */,
			);
			name = Products;
			sourceTree = "<group>";
		};
		A09C7B5C298C0619005EA4D2 /* ManolitosBookstore */ = {
			isa = PBXGroup;
			children = (
				A0999F7D299E7B690094E5F8 /* Info.plist */,
				A09C7B5D298C0619005EA4D2 /* ManolitosBookstoreApp.swift */,
				A09C7B5F298C0619005EA4D2 /* ContentView.swift */,
				A046DE7F29A78D13008DA1C5 /* ContentAdminView.swift */,
				A0D64DC629941F43009ECE11 /* Network */,
				A04A62F7299298A6005E8931 /* IOSViews */,
				A04A62F0299295F9005E8931 /* Models */,
				A04A63002992A6BE005E8931 /* ViewModels */,
				A09C7B61298C061A005EA4D2 /* Assets.xcassets */,
				A09C7B63298C061A005EA4D2 /* ManolitosBookstore.entitlements */,
				A09C7B64298C061A005EA4D2 /* Preview Content */,
			);
			path = ManolitosBookstore;
			sourceTree = "<group>";
		};
		A09C7B64298C061A005EA4D2 /* Preview Content */ = {
			isa = PBXGroup;
			children = (
				A0283D91299D162C00976E5A /* authors.json */,
				A0DB755529953CC40093887C /* latestBooks.json */,
				A09C7B65298C061A005EA4D2 /* Preview Assets.xcassets */,
			);
			path = "Preview Content";
			sourceTree = "<group>";
		};
		A09C7B6E298C061A005EA4D2 /* ManolitosBookstoreTests */ = {
			isa = PBXGroup;
			children = (
				A09C7B6F298C061A005EA4D2 /* ManolitosBookstoreTests.swift */,
			);
			path = ManolitosBookstoreTests;
			sourceTree = "<group>";
		};
		A09C7B78298C061A005EA4D2 /* ManolitosBookstoreUITests */ = {
			isa = PBXGroup;
			children = (
				A09C7B79298C061A005EA4D2 /* ManolitosBookstoreUITests.swift */,
				A09C7B7B298C061A005EA4D2 /* ManolitosBookstoreUITestsLaunchTests.swift */,
			);
			path = ManolitosBookstoreUITests;
			sourceTree = "<group>";
		};
		A0D64DC629941F43009ECE11 /* Network */ = {
			isa = PBXGroup;
			children = (
				A0D64DC729941F68009ECE11 /* Network.swift */,
				A0D8A3A829952CFB00B2B995 /* AsyncPersistence.swift */,
			);
			name = Network;
			sourceTree = "<group>";
		};
		B683A85529A76C19002E3A03 /* Discover */ = {
			isa = PBXGroup;
			children = (
				A061FB32299645B7008E3255 /* DiscoverView.swift */,
				A061FB3029964543008E3255 /* LHGridView.swift */,
				B683A85329A7639B002E3A03 /* BookGridView.swift */,
			);
			name = Discover;
			sourceTree = "<group>";
		};
		B683A85629A76C42002E3A03 /* MyBooks */ = {
			isa = PBXGroup;
			children = (
				A03EEED0299AB84100EF9759 /* BookstoreListView.swift */,
				A04A62F52992989C005E8931 /* BookListView.swift */,
				A0DB755729955C190093887C /* BookRowView.swift */,
				A04A63032992C53C005E8931 /* BookDetailView.swift */,
			);
			name = MyBooks;
			sourceTree = "<group>";
		};
		B683A85729A76C73002E3A03 /* Settings */ = {
			isa = PBXGroup;
			children = (
				A04A62FA29929D4D005E8931 /* AccountDetailView.swift */,
				A04A62F829929925005E8931 /* SettingsView.swift */,
			);
			name = Settings;
			sourceTree = "<group>";
		};
/* End PBXGroup section */

/* Begin PBXNativeTarget section */
		A09C7B59298C0619005EA4D2 /* ManolitosBookstore */ = {
			isa = PBXNativeTarget;
			buildConfigurationList = A09C7B7F298C061A005EA4D2 /* Build configuration list for PBXNativeTarget "ManolitosBookstore" */;
			buildPhases = (
				A09C7B56298C0619005EA4D2 /* Sources */,
				A09C7B57298C0619005EA4D2 /* Frameworks */,
				A09C7B58298C0619005EA4D2 /* Resources */,
			);
			buildRules = (
			);
			dependencies = (
			);
			name = ManolitosBookstore;
			productName = ManolitosBookstore;
			productReference = A09C7B5A298C0619005EA4D2 /* ManolitosBookstore.app */;
			productType = "com.apple.product-type.application";
		};
		A09C7B6A298C061A005EA4D2 /* ManolitosBookstoreTests */ = {
			isa = PBXNativeTarget;
			buildConfigurationList = A09C7B82298C061A005EA4D2 /* Build configuration list for PBXNativeTarget "ManolitosBookstoreTests" */;
			buildPhases = (
				A09C7B67298C061A005EA4D2 /* Sources */,
				A09C7B68298C061A005EA4D2 /* Frameworks */,
				A09C7B69298C061A005EA4D2 /* Resources */,
			);
			buildRules = (
			);
			dependencies = (
				A09C7B6D298C061A005EA4D2 /* PBXTargetDependency */,
			);
			name = ManolitosBookstoreTests;
			productName = ManolitosBookstoreTests;
			productReference = A09C7B6B298C061A005EA4D2 /* ManolitosBookstoreTests.xctest */;
			productType = "com.apple.product-type.bundle.unit-test";
		};
		A09C7B74298C061A005EA4D2 /* ManolitosBookstoreUITests */ = {
			isa = PBXNativeTarget;
			buildConfigurationList = A09C7B85298C061A005EA4D2 /* Build configuration list for PBXNativeTarget "ManolitosBookstoreUITests" */;
			buildPhases = (
				A09C7B71298C061A005EA4D2 /* Sources */,
				A09C7B72298C061A005EA4D2 /* Frameworks */,
				A09C7B73298C061A005EA4D2 /* Resources */,
			);
			buildRules = (
			);
			dependencies = (
				A09C7B77298C061A005EA4D2 /* PBXTargetDependency */,
			);
			name = ManolitosBookstoreUITests;
			productName = ManolitosBookstoreUITests;
			productReference = A09C7B75298C061A005EA4D2 /* ManolitosBookstoreUITests.xctest */;
			productType = "com.apple.product-type.bundle.ui-testing";
		};
/* End PBXNativeTarget section */

/* Begin PBXProject section */
		A09C7B52298C0619005EA4D2 /* Project object */ = {
			isa = PBXProject;
			attributes = {
				BuildIndependentTargetsInParallel = 1;
				LastSwiftUpdateCheck = 1420;
				LastUpgradeCheck = 1420;
				TargetAttributes = {
					A09C7B59298C0619005EA4D2 = {
						CreatedOnToolsVersion = 14.2;
					};
					A09C7B6A298C061A005EA4D2 = {
						CreatedOnToolsVersion = 14.2;
						TestTargetID = A09C7B59298C0619005EA4D2;
					};
					A09C7B74298C061A005EA4D2 = {
						CreatedOnToolsVersion = 14.2;
						TestTargetID = A09C7B59298C0619005EA4D2;
					};
				};
			};
			buildConfigurationList = A09C7B55298C0619005EA4D2 /* Build configuration list for PBXProject "ManolitosBookstore" */;
			compatibilityVersion = "Xcode 14.0";
			developmentRegion = en;
			hasScannedForEncodings = 0;
			knownRegions = (
				en,
				Base,
			);
			mainGroup = A09C7B51298C0619005EA4D2;
			productRefGroup = A09C7B5B298C0619005EA4D2 /* Products */;
			projectDirPath = "";
			projectRoot = "";
			targets = (
				A09C7B59298C0619005EA4D2 /* ManolitosBookstore */,
				A09C7B6A298C061A005EA4D2 /* ManolitosBookstoreTests */,
				A09C7B74298C061A005EA4D2 /* ManolitosBookstoreUITests */,
			);
		};
/* End PBXProject section */

/* Begin PBXResourcesBuildPhase section */
		A09C7B58298C0619005EA4D2 /* Resources */ = {
			isa = PBXResourcesBuildPhase;
			buildActionMask = 2147483647;
			files = (
				A09C7B66298C061A005EA4D2 /* Preview Assets.xcassets in Resources */,
				A0DB755629953CC40093887C /* latestBooks.json in Resources */,
				A0283D92299D162D00976E5A /* authors.json in Resources */,
				A09C7B62298C061A005EA4D2 /* Assets.xcassets in Resources */,
			);
			runOnlyForDeploymentPostprocessing = 0;
		};
		A09C7B69298C061A005EA4D2 /* Resources */ = {
			isa = PBXResourcesBuildPhase;
			buildActionMask = 2147483647;
			files = (
			);
			runOnlyForDeploymentPostprocessing = 0;
		};
		A09C7B73298C061A005EA4D2 /* Resources */ = {
			isa = PBXResourcesBuildPhase;
			buildActionMask = 2147483647;
			files = (
			);
			runOnlyForDeploymentPostprocessing = 0;
		};
/* End PBXResourcesBuildPhase section */

/* Begin PBXSourcesBuildPhase section */
		A09C7B56298C0619005EA4D2 /* Sources */ = {
			isa = PBXSourcesBuildPhase;
			buildActionMask = 2147483647;
			files = (
				A061FB3129964543008E3255 /* LHGridView.swift in Sources */,
				B683A85429A7639B002E3A03 /* BookGridView.swift in Sources */,
				A0283D94299D31EC00976E5A /* RowVM.swift in Sources */,
				A046DE8029A78D13008DA1C5 /* ContentAdminView.swift in Sources */,
				A061FB33299645B7008E3255 /* DiscoverView.swift in Sources */,
				A0D64DC829941F68009ECE11 /* Network.swift in Sources */,
				A046DE9229A7C484008DA1C5 /* OrderRowView.swift in Sources */,
				A0DB755829955C190093887C /* BookRowView.swift in Sources */,
				A04A62FB29929D4D005E8931 /* AccountDetailView.swift in Sources */,
				A046DE9629A7D6B4008DA1C5 /* BookstoreOrderListView.swift in Sources */,
				A046DE8229A78E82008DA1C5 /* CustomerListView.swift in Sources */,
				A046DE8D29A7B889008DA1C5 /* OrderDetailVM.swift in Sources */,
				A04A62F929929925005E8931 /* SettingsView.swift in Sources */,
				A04A63042992C53C005E8931 /* BookDetailView.swift in Sources */,
				A046DE9429A7D0A1008DA1C5 /* ORowVM.swift in Sources */,
				A09C7B60298C0619005EA4D2 /* ContentView.swift in Sources */,
				A0D64DC5299414FE009ECE11 /* ModelsAPI.swift in Sources */,
				A046DE8B29A7912B008DA1C5 /* CRowVM.swift in Sources */,
				A046DE8829A78EF6008DA1C5 /* CustomerDetailView.swift in Sources */,
				A046DE8629A78EE4008DA1C5 /* CustomerRowView.swift in Sources */,
				A04A62EF29926BF1005E8931 /* ModelDefinition.swift in Sources */,
				A09C7B5E298C0619005EA4D2 /* ManolitosBookstoreApp.swift in Sources */,
				A04A62FD2992A077005E8931 /* UserViewModel.swift in Sources */,
				A04A63062992C607005E8931 /* BookDetailViewModel.swift in Sources */,
				A046DE8429A78EBB008DA1C5 /* BookstoreCustomerListView.swift in Sources */,
				A046DE8F29A7C449008DA1C5 /* POrderListView.swift in Sources */,
				A046DE9829A7D75E008DA1C5 /* OrderDetailView.swift in Sources */,
				A03EEED1299AB84100EF9759 /* BookstoreListView.swift in Sources */,
				A04A62F62992989C005E8931 /* BookListView.swift in Sources */,
				A04A63022992C1BA005E8931 /* BooksViewModel.swift in Sources */,
				A0D8A3A929952CFB00B2B995 /* AsyncPersistence.swift in Sources */,
				A04A62FF2992A0DF005E8931 /* ModelPersistence.swift in Sources */,
			);
			runOnlyForDeploymentPostprocessing = 0;
		};
		A09C7B67298C061A005EA4D2 /* Sources */ = {
			isa = PBXSourcesBuildPhase;
			buildActionMask = 2147483647;
			files = (
				A09C7B70298C061A005EA4D2 /* ManolitosBookstoreTests.swift in Sources */,
			);
			runOnlyForDeploymentPostprocessing = 0;
		};
		A09C7B71298C061A005EA4D2 /* Sources */ = {
			isa = PBXSourcesBuildPhase;
			buildActionMask = 2147483647;
			files = (
				A09C7B7C298C061A005EA4D2 /* ManolitosBookstoreUITestsLaunchTests.swift in Sources */,
				A09C7B7A298C061A005EA4D2 /* ManolitosBookstoreUITests.swift in Sources */,
			);
			runOnlyForDeploymentPostprocessing = 0;
		};
/* End PBXSourcesBuildPhase section */

/* Begin PBXTargetDependency section */
		A09C7B6D298C061A005EA4D2 /* PBXTargetDependency */ = {
			isa = PBXTargetDependency;
			target = A09C7B59298C0619005EA4D2 /* ManolitosBookstore */;
			targetProxy = A09C7B6C298C061A005EA4D2 /* PBXContainerItemProxy */;
		};
		A09C7B77298C061A005EA4D2 /* PBXTargetDependency */ = {
			isa = PBXTargetDependency;
			target = A09C7B59298C0619005EA4D2 /* ManolitosBookstore */;
			targetProxy = A09C7B76298C061A005EA4D2 /* PBXContainerItemProxy */;
		};
/* End PBXTargetDependency section */

/* Begin XCBuildConfiguration section */
		A09C7B7D298C061A005EA4D2 /* Debug */ = {
			isa = XCBuildConfiguration;
			buildSettings = {
				ALWAYS_SEARCH_USER_PATHS = NO;
				CLANG_ANALYZER_NONNULL = YES;
				CLANG_ANALYZER_NUMBER_OBJECT_CONVERSION = YES_AGGRESSIVE;
				CLANG_CXX_LANGUAGE_STANDARD = "gnu++20";
				CLANG_ENABLE_MODULES = YES;
				CLANG_ENABLE_OBJC_ARC = YES;
				CLANG_ENABLE_OBJC_WEAK = YES;
				CLANG_WARN_BLOCK_CAPTURE_AUTORELEASING = YES;
				CLANG_WARN_BOOL_CONVERSION = YES;
				CLANG_WARN_COMMA = YES;
				CLANG_WARN_CONSTANT_CONVERSION = YES;
				CLANG_WARN_DEPRECATED_OBJC_IMPLEMENTATIONS = YES;
				CLANG_WARN_DIRECT_OBJC_ISA_USAGE = YES_ERROR;
				CLANG_WARN_DOCUMENTATION_COMMENTS = YES;
				CLANG_WARN_EMPTY_BODY = YES;
				CLANG_WARN_ENUM_CONVERSION = YES;
				CLANG_WARN_INFINITE_RECURSION = YES;
				CLANG_WARN_INT_CONVERSION = YES;
				CLANG_WARN_NON_LITERAL_NULL_CONVERSION = YES;
				CLANG_WARN_OBJC_IMPLICIT_RETAIN_SELF = YES;
				CLANG_WARN_OBJC_LITERAL_CONVERSION = YES;
				CLANG_WARN_OBJC_ROOT_CLASS = YES_ERROR;
				CLANG_WARN_QUOTED_INCLUDE_IN_FRAMEWORK_HEADER = YES;
				CLANG_WARN_RANGE_LOOP_ANALYSIS = YES;
				CLANG_WARN_STRICT_PROTOTYPES = YES;
				CLANG_WARN_SUSPICIOUS_MOVE = YES;
				CLANG_WARN_UNGUARDED_AVAILABILITY = YES_AGGRESSIVE;
				CLANG_WARN_UNREACHABLE_CODE = YES;
				CLANG_WARN__DUPLICATE_METHOD_MATCH = YES;
				COPY_PHASE_STRIP = NO;
				DEBUG_INFORMATION_FORMAT = dwarf;
				ENABLE_STRICT_OBJC_MSGSEND = YES;
				ENABLE_TESTABILITY = YES;
				GCC_C_LANGUAGE_STANDARD = gnu11;
				GCC_DYNAMIC_NO_PIC = NO;
				GCC_NO_COMMON_BLOCKS = YES;
				GCC_OPTIMIZATION_LEVEL = 0;
				GCC_PREPROCESSOR_DEFINITIONS = (
					"DEBUG=1",
					"$(inherited)",
				);
				GCC_WARN_64_TO_32_BIT_CONVERSION = YES;
				GCC_WARN_ABOUT_RETURN_TYPE = YES_ERROR;
				GCC_WARN_UNDECLARED_SELECTOR = YES;
				GCC_WARN_UNINITIALIZED_AUTOS = YES_AGGRESSIVE;
				GCC_WARN_UNUSED_FUNCTION = YES;
				GCC_WARN_UNUSED_VARIABLE = YES;
				MTL_ENABLE_DEBUG_INFO = INCLUDE_SOURCE;
				MTL_FAST_MATH = YES;
				ONLY_ACTIVE_ARCH = YES;
				SWIFT_ACTIVE_COMPILATION_CONDITIONS = DEBUG;
				SWIFT_OPTIMIZATION_LEVEL = "-Onone";
			};
			name = Debug;
		};
		A09C7B7E298C061A005EA4D2 /* Release */ = {
			isa = XCBuildConfiguration;
			buildSettings = {
				ALWAYS_SEARCH_USER_PATHS = NO;
				CLANG_ANALYZER_NONNULL = YES;
				CLANG_ANALYZER_NUMBER_OBJECT_CONVERSION = YES_AGGRESSIVE;
				CLANG_CXX_LANGUAGE_STANDARD = "gnu++20";
				CLANG_ENABLE_MODULES = YES;
				CLANG_ENABLE_OBJC_ARC = YES;
				CLANG_ENABLE_OBJC_WEAK = YES;
				CLANG_WARN_BLOCK_CAPTURE_AUTORELEASING = YES;
				CLANG_WARN_BOOL_CONVERSION = YES;
				CLANG_WARN_COMMA = YES;
				CLANG_WARN_CONSTANT_CONVERSION = YES;
				CLANG_WARN_DEPRECATED_OBJC_IMPLEMENTATIONS = YES;
				CLANG_WARN_DIRECT_OBJC_ISA_USAGE = YES_ERROR;
				CLANG_WARN_DOCUMENTATION_COMMENTS = YES;
				CLANG_WARN_EMPTY_BODY = YES;
				CLANG_WARN_ENUM_CONVERSION = YES;
				CLANG_WARN_INFINITE_RECURSION = YES;
				CLANG_WARN_INT_CONVERSION = YES;
				CLANG_WARN_NON_LITERAL_NULL_CONVERSION = YES;
				CLANG_WARN_OBJC_IMPLICIT_RETAIN_SELF = YES;
				CLANG_WARN_OBJC_LITERAL_CONVERSION = YES;
				CLANG_WARN_OBJC_ROOT_CLASS = YES_ERROR;
				CLANG_WARN_QUOTED_INCLUDE_IN_FRAMEWORK_HEADER = YES;
				CLANG_WARN_RANGE_LOOP_ANALYSIS = YES;
				CLANG_WARN_STRICT_PROTOTYPES = YES;
				CLANG_WARN_SUSPICIOUS_MOVE = YES;
				CLANG_WARN_UNGUARDED_AVAILABILITY = YES_AGGRESSIVE;
				CLANG_WARN_UNREACHABLE_CODE = YES;
				CLANG_WARN__DUPLICATE_METHOD_MATCH = YES;
				COPY_PHASE_STRIP = NO;
				DEBUG_INFORMATION_FORMAT = "dwarf-with-dsym";
				ENABLE_NS_ASSERTIONS = NO;
				ENABLE_STRICT_OBJC_MSGSEND = YES;
				GCC_C_LANGUAGE_STANDARD = gnu11;
				GCC_NO_COMMON_BLOCKS = YES;
				GCC_WARN_64_TO_32_BIT_CONVERSION = YES;
				GCC_WARN_ABOUT_RETURN_TYPE = YES_ERROR;
				GCC_WARN_UNDECLARED_SELECTOR = YES;
				GCC_WARN_UNINITIALIZED_AUTOS = YES_AGGRESSIVE;
				GCC_WARN_UNUSED_FUNCTION = YES;
				GCC_WARN_UNUSED_VARIABLE = YES;
				MTL_ENABLE_DEBUG_INFO = NO;
				MTL_FAST_MATH = YES;
				SWIFT_COMPILATION_MODE = wholemodule;
				SWIFT_OPTIMIZATION_LEVEL = "-O";
			};
			name = Release;
		};
		A09C7B80298C061A005EA4D2 /* Debug */ = {
			isa = XCBuildConfiguration;
			buildSettings = {
				ASSETCATALOG_COMPILER_APPICON_NAME = AppIcon;
				ASSETCATALOG_COMPILER_GLOBAL_ACCENT_COLOR_NAME = AccentColor;
				CODE_SIGN_ENTITLEMENTS = ManolitosBookstore/ManolitosBookstore.entitlements;
				CODE_SIGN_STYLE = Automatic;
				CURRENT_PROJECT_VERSION = 1;
				DEVELOPMENT_ASSET_PATHS = "\"ManolitosBookstore/Preview Content\"";
				DEVELOPMENT_TEAM = 5LHT3Z587H;
				ENABLE_HARDENED_RUNTIME = YES;
				ENABLE_PREVIEWS = YES;
				GENERATE_INFOPLIST_FILE = YES;
				INFOPLIST_FILE = ManolitosBookstore/Info.plist;
				"INFOPLIST_KEY_UIApplicationSceneManifest_Generation[sdk=iphoneos*]" = YES;
				"INFOPLIST_KEY_UIApplicationSceneManifest_Generation[sdk=iphonesimulator*]" = YES;
				"INFOPLIST_KEY_UIApplicationSupportsIndirectInputEvents[sdk=iphoneos*]" = YES;
				"INFOPLIST_KEY_UIApplicationSupportsIndirectInputEvents[sdk=iphonesimulator*]" = YES;
				"INFOPLIST_KEY_UILaunchScreen_Generation[sdk=iphoneos*]" = YES;
				"INFOPLIST_KEY_UILaunchScreen_Generation[sdk=iphonesimulator*]" = YES;
				"INFOPLIST_KEY_UIStatusBarStyle[sdk=iphoneos*]" = UIStatusBarStyleDefault;
				"INFOPLIST_KEY_UIStatusBarStyle[sdk=iphonesimulator*]" = UIStatusBarStyleDefault;
				INFOPLIST_KEY_UISupportedInterfaceOrientations_iPad = "UIInterfaceOrientationPortrait UIInterfaceOrientationPortraitUpsideDown UIInterfaceOrientationLandscapeLeft UIInterfaceOrientationLandscapeRight";
				INFOPLIST_KEY_UISupportedInterfaceOrientations_iPhone = "UIInterfaceOrientationPortrait UIInterfaceOrientationLandscapeLeft UIInterfaceOrientationLandscapeRight";
				IPHONEOS_DEPLOYMENT_TARGET = 16.2;
				LD_RUNPATH_SEARCH_PATHS = "@executable_path/Frameworks";
				"LD_RUNPATH_SEARCH_PATHS[sdk=macosx*]" = "@executable_path/../Frameworks";
				MACOSX_DEPLOYMENT_TARGET = 13.1;
				MARKETING_VERSION = 1.0;
				PRODUCT_BUNDLE_IDENTIFIER = com.luisla.ManolitosBookstore;
				PRODUCT_NAME = "$(TARGET_NAME)";
				SDKROOT = auto;
				SUPPORTED_PLATFORMS = "iphoneos iphonesimulator macosx";
				SWIFT_EMIT_LOC_STRINGS = YES;
				SWIFT_VERSION = 5.0;
				TARGETED_DEVICE_FAMILY = "1,2";
			};
			name = Debug;
		};
		A09C7B81298C061A005EA4D2 /* Release */ = {
			isa = XCBuildConfiguration;
			buildSettings = {
				ASSETCATALOG_COMPILER_APPICON_NAME = AppIcon;
				ASSETCATALOG_COMPILER_GLOBAL_ACCENT_COLOR_NAME = AccentColor;
				CODE_SIGN_ENTITLEMENTS = ManolitosBookstore/ManolitosBookstore.entitlements;
				CODE_SIGN_STYLE = Automatic;
				CURRENT_PROJECT_VERSION = 1;
				DEVELOPMENT_ASSET_PATHS = "\"ManolitosBookstore/Preview Content\"";
				DEVELOPMENT_TEAM = 5LHT3Z587H;
				ENABLE_HARDENED_RUNTIME = YES;
				ENABLE_PREVIEWS = YES;
				GENERATE_INFOPLIST_FILE = YES;
				INFOPLIST_FILE = ManolitosBookstore/Info.plist;
				"INFOPLIST_KEY_UIApplicationSceneManifest_Generation[sdk=iphoneos*]" = YES;
				"INFOPLIST_KEY_UIApplicationSceneManifest_Generation[sdk=iphonesimulator*]" = YES;
				"INFOPLIST_KEY_UIApplicationSupportsIndirectInputEvents[sdk=iphoneos*]" = YES;
				"INFOPLIST_KEY_UIApplicationSupportsIndirectInputEvents[sdk=iphonesimulator*]" = YES;
				"INFOPLIST_KEY_UILaunchScreen_Generation[sdk=iphoneos*]" = YES;
				"INFOPLIST_KEY_UILaunchScreen_Generation[sdk=iphonesimulator*]" = YES;
				"INFOPLIST_KEY_UIStatusBarStyle[sdk=iphoneos*]" = UIStatusBarStyleDefault;
				"INFOPLIST_KEY_UIStatusBarStyle[sdk=iphonesimulator*]" = UIStatusBarStyleDefault;
				INFOPLIST_KEY_UISupportedInterfaceOrientations_iPad = "UIInterfaceOrientationPortrait UIInterfaceOrientationPortraitUpsideDown UIInterfaceOrientationLandscapeLeft UIInterfaceOrientationLandscapeRight";
				INFOPLIST_KEY_UISupportedInterfaceOrientations_iPhone = "UIInterfaceOrientationPortrait UIInterfaceOrientationLandscapeLeft UIInterfaceOrientationLandscapeRight";
				IPHONEOS_DEPLOYMENT_TARGET = 16.2;
				LD_RUNPATH_SEARCH_PATHS = "@executable_path/Frameworks";
				"LD_RUNPATH_SEARCH_PATHS[sdk=macosx*]" = "@executable_path/../Frameworks";
				MACOSX_DEPLOYMENT_TARGET = 13.1;
				MARKETING_VERSION = 1.0;
				PRODUCT_BUNDLE_IDENTIFIER = com.luisla.ManolitosBookstore;
				PRODUCT_NAME = "$(TARGET_NAME)";
				SDKROOT = auto;
				SUPPORTED_PLATFORMS = "iphoneos iphonesimulator macosx";
				SWIFT_EMIT_LOC_STRINGS = YES;
				SWIFT_VERSION = 5.0;
				TARGETED_DEVICE_FAMILY = "1,2";
			};
			name = Release;
		};
		A09C7B83298C061A005EA4D2 /* Debug */ = {
			isa = XCBuildConfiguration;
			buildSettings = {
				ALWAYS_EMBED_SWIFT_STANDARD_LIBRARIES = YES;
				BUNDLE_LOADER = "$(TEST_HOST)";
				CODE_SIGN_STYLE = Automatic;
				CURRENT_PROJECT_VERSION = 1;
				DEVELOPMENT_TEAM = 5LHT3Z587H;
				GENERATE_INFOPLIST_FILE = YES;
				IPHONEOS_DEPLOYMENT_TARGET = 16.2;
				MACOSX_DEPLOYMENT_TARGET = 13.1;
				MARKETING_VERSION = 1.0;
				PRODUCT_BUNDLE_IDENTIFIER = com.luisla.ManolitosBookstoreTests;
				PRODUCT_NAME = "$(TARGET_NAME)";
				SDKROOT = auto;
				SUPPORTED_PLATFORMS = "iphoneos iphonesimulator macosx";
				SWIFT_EMIT_LOC_STRINGS = NO;
				SWIFT_VERSION = 5.0;
				TARGETED_DEVICE_FAMILY = "1,2";
				TEST_HOST = "$(BUILT_PRODUCTS_DIR)/ManolitosBookstore.app/$(BUNDLE_EXECUTABLE_FOLDER_PATH)/ManolitosBookstore";
			};
			name = Debug;
		};
		A09C7B84298C061A005EA4D2 /* Release */ = {
			isa = XCBuildConfiguration;
			buildSettings = {
				ALWAYS_EMBED_SWIFT_STANDARD_LIBRARIES = YES;
				BUNDLE_LOADER = "$(TEST_HOST)";
				CODE_SIGN_STYLE = Automatic;
				CURRENT_PROJECT_VERSION = 1;
				DEVELOPMENT_TEAM = 5LHT3Z587H;
				GENERATE_INFOPLIST_FILE = YES;
				IPHONEOS_DEPLOYMENT_TARGET = 16.2;
				MACOSX_DEPLOYMENT_TARGET = 13.1;
				MARKETING_VERSION = 1.0;
				PRODUCT_BUNDLE_IDENTIFIER = com.luisla.ManolitosBookstoreTests;
				PRODUCT_NAME = "$(TARGET_NAME)";
				SDKROOT = auto;
				SUPPORTED_PLATFORMS = "iphoneos iphonesimulator macosx";
				SWIFT_EMIT_LOC_STRINGS = NO;
				SWIFT_VERSION = 5.0;
				TARGETED_DEVICE_FAMILY = "1,2";
				TEST_HOST = "$(BUILT_PRODUCTS_DIR)/ManolitosBookstore.app/$(BUNDLE_EXECUTABLE_FOLDER_PATH)/ManolitosBookstore";
			};
			name = Release;
		};
		A09C7B86298C061A005EA4D2 /* Debug */ = {
			isa = XCBuildConfiguration;
			buildSettings = {
				ALWAYS_EMBED_SWIFT_STANDARD_LIBRARIES = YES;
				CODE_SIGN_STYLE = Automatic;
				CURRENT_PROJECT_VERSION = 1;
				DEVELOPMENT_TEAM = 5LHT3Z587H;
				GENERATE_INFOPLIST_FILE = YES;
				IPHONEOS_DEPLOYMENT_TARGET = 16.2;
				MACOSX_DEPLOYMENT_TARGET = 13.1;
				MARKETING_VERSION = 1.0;
				PRODUCT_BUNDLE_IDENTIFIER = com.luisla.ManolitosBookstoreUITests;
				PRODUCT_NAME = "$(TARGET_NAME)";
				SDKROOT = auto;
				SUPPORTED_PLATFORMS = "iphoneos iphonesimulator macosx";
				SWIFT_EMIT_LOC_STRINGS = NO;
				SWIFT_VERSION = 5.0;
				TARGETED_DEVICE_FAMILY = "1,2";
				TEST_TARGET_NAME = ManolitosBookstore;
			};
			name = Debug;
		};
		A09C7B87298C061A005EA4D2 /* Release */ = {
			isa = XCBuildConfiguration;
			buildSettings = {
				ALWAYS_EMBED_SWIFT_STANDARD_LIBRARIES = YES;
				CODE_SIGN_STYLE = Automatic;
				CURRENT_PROJECT_VERSION = 1;
				DEVELOPMENT_TEAM = 5LHT3Z587H;
				GENERATE_INFOPLIST_FILE = YES;
				IPHONEOS_DEPLOYMENT_TARGET = 16.2;
				MACOSX_DEPLOYMENT_TARGET = 13.1;
				MARKETING_VERSION = 1.0;
				PRODUCT_BUNDLE_IDENTIFIER = com.luisla.ManolitosBookstoreUITests;
				PRODUCT_NAME = "$(TARGET_NAME)";
				SDKROOT = auto;
				SUPPORTED_PLATFORMS = "iphoneos iphonesimulator macosx";
				SWIFT_EMIT_LOC_STRINGS = NO;
				SWIFT_VERSION = 5.0;
				TARGETED_DEVICE_FAMILY = "1,2";
				TEST_TARGET_NAME = ManolitosBookstore;
			};
			name = Release;
		};
/* End XCBuildConfiguration section */

/* Begin XCConfigurationList section */
		A09C7B55298C0619005EA4D2 /* Build configuration list for PBXProject "ManolitosBookstore" */ = {
			isa = XCConfigurationList;
			buildConfigurations = (
				A09C7B7D298C061A005EA4D2 /* Debug */,
				A09C7B7E298C061A005EA4D2 /* Release */,
			);
			defaultConfigurationIsVisible = 0;
			defaultConfigurationName = Release;
		};
		A09C7B7F298C061A005EA4D2 /* Build configuration list for PBXNativeTarget "ManolitosBookstore" */ = {
			isa = XCConfigurationList;
			buildConfigurations = (
				A09C7B80298C061A005EA4D2 /* Debug */,
				A09C7B81298C061A005EA4D2 /* Release */,
			);
			defaultConfigurationIsVisible = 0;
			defaultConfigurationName = Release;
		};
		A09C7B82298C061A005EA4D2 /* Build configuration list for PBXNativeTarget "ManolitosBookstoreTests" */ = {
			isa = XCConfigurationList;
			buildConfigurations = (
				A09C7B83298C061A005EA4D2 /* Debug */,
				A09C7B84298C061A005EA4D2 /* Release */,
			);
			defaultConfigurationIsVisible = 0;
			defaultConfigurationName = Release;
		};
		A09C7B85298C061A005EA4D2 /* Build configuration list for PBXNativeTarget "ManolitosBookstoreUITests" */ = {
			isa = XCConfigurationList;
			buildConfigurations = (
				A09C7B86298C061A005EA4D2 /* Debug */,
				A09C7B87298C061A005EA4D2 /* Release */,
			);
			defaultConfigurationIsVisible = 0;
			defaultConfigurationName = Release;
		};
/* End XCConfigurationList section */
	};
	rootObject = A09C7B52298C0619005EA4D2 /* Project object */;
}
